
Microsoft Visual Studio Solution File, Format Version 12.00
# Visual Studio Version 16
VisualStudioVersion = 16.0.29806.167
MinimumVisualStudioVersion = 10.0.40219.1
Project("{FAE04EC0-301F-11D3-BF4B-00C04F79EFBC}") = "IAtsPI", "IAtsPI.csproj", "{FBE93B72-991E-471D-9E9F-0E55F136B262}"
EndProject
Global
	GlobalSection(SolutionConfigurationPlatforms) = preSolution
		Debug|Any CPU = Debug|Any CPU
		Release|Any CPU = Release|Any CPU
	EndGlobalSection
	GlobalSection(ProjectConfigurationPlatforms) = postSolution
		{FBE93B72-991E-471D-9E9F-0E55F136B262}.Debug|Any CPU.ActiveCfg = Debug|Any CPU
		{FBE93B72-991E-471D-9E9F-0E55F136B262}.Debug|Any CPU.Build.0 = Debug|Any CPU
		{FBE93B72-991E-471D-9E9F-0E55F136B262}.Release|Any CPU.ActiveCfg = Release|Any CPU
		{FBE93B72-991E-471D-9E9F-0E55F136B262}.Release|Any CPU.Build.0 = Release|Any CPU
	EndGlobalSection
	GlobalSection(SolutionProperties) = preSolution
		HideSolutionNode = FALSE
	EndGlobalSection
	GlobalSection(ExtensibilityGlobals) = postSolution
		SolutionGuid = {2CAE3353-C55C-447B-851D-9E0231F359E8}
	EndGlobalSection
EndGlobal
